
Microsoft Visual Studio Solution File, Format Version 12.00
# Visual Studio 2012
Project("{8BC9CEB8-8B4A-11D0-8D11-00A0C91BC942}") = "quicksort2", "quicksort2\quicksort2.vcxproj", "{D21B5F86-634F-40F7-9711-40AC2295F94D}"
EndProject
Global
	GlobalSection(SolutionConfigurationPlatforms) = preSolution
		Debug|Win32 = Debug|Win32
		Release|Win32 = Release|Win32
	EndGlobalSection
	GlobalSection(ProjectConfigurationPlatforms) = postSolution
		{D21B5F86-634F-40F7-9711-40AC2295F94D}.Debug|Win32.ActiveCfg = Debug|Win32
		{D21B5F86-634F-40F7-9711-40AC2295F94D}.Debug|Win32.Build.0 = Debug|Win32
		{D21B5F86-634F-40F7-9711-40AC2295F94D}.Release|Win32.ActiveCfg = Release|Win32
		{D21B5F86-634F-40F7-9711-40AC2295F94D}.Release|Win32.Build.0 = Release|Win32
	EndGlobalSection
	GlobalSection(SolutionProperties) = preSolution
		HideSolutionNode = FALSE
	EndGlobalSection
EndGlobal
