Microsoft Visual Studio Solution File, Format Version 11.00
# Visual Studio 2010
Project("{FAE04EC0-301F-11D3-BF4B-00C04F79EFBC}") = "Dijkstra1", "Dijkstra1.csproj", "{3C35DB20-CD03-406B-8DDB-0C91628437DD}"
EndProject
Global
	GlobalSection(SolutionConfigurationPlatforms) = preSolution
		Debug|Any CPU = Debug|Any CPU
		Release|Any CPU = Release|Any CPU
	EndGlobalSection
	GlobalSection(ProjectConfigurationPlatforms) = postSolution
		{3C35DB20-CD03-406B-8DDB-0C91628437DD}.Debug|Any CPU.ActiveCfg = Debug|Any CPU
		{3C35DB20-CD03-406B-8DDB-0C91628437DD}.Debug|Any CPU.Build.0 = Debug|Any CPU
		{3C35DB20-CD03-406B-8DDB-0C91628437DD}.Release|Any CPU.ActiveCfg = Release|Any CPU
		{3C35DB20-CD03-406B-8DDB-0C91628437DD}.Release|Any CPU.Build.0 = Release|Any CPU
	EndGlobalSection
	GlobalSection(SolutionProperties) = preSolution
		HideSolutionNode = FALSE
	EndGlobalSection
EndGlobal
