
Microsoft Visual Studio Solution File, Format Version 11.00
# Visual Studio 2010
Project("{8BC9CEB8-8B4A-11D0-8D11-00A0C91BC942}") = "bubble", "bubble\bubble.vcxproj", "{4889F93E-E12E-4164-A36C-29C7CD787657}"
EndProject
Global
	GlobalSection(SolutionConfigurationPlatforms) = preSolution
		Debug|Win32 = Debug|Win32
		Release|Win32 = Release|Win32
	EndGlobalSection
	GlobalSection(ProjectConfigurationPlatforms) = postSolution
		{4889F93E-E12E-4164-A36C-29C7CD787657}.Debug|Win32.ActiveCfg = Debug|Win32
		{4889F93E-E12E-4164-A36C-29C7CD787657}.Debug|Win32.Build.0 = Debug|Win32
		{4889F93E-E12E-4164-A36C-29C7CD787657}.Release|Win32.ActiveCfg = Release|Win32
		{4889F93E-E12E-4164-A36C-29C7CD787657}.Release|Win32.Build.0 = Release|Win32
	EndGlobalSection
	GlobalSection(SolutionProperties) = preSolution
		HideSolutionNode = FALSE
	EndGlobalSection
EndGlobal
